// !$*UTF8*$!
{
	archiveVersion = 1;
	classes = {
	};
	objectVersion = 46;
	objects = {

/* Begin PBXBuildFile section */
		F6D752AD1BE07FD100C09299 /* main.m in Sources */ = {isa = PBXBuildFile; fileRef = F6D752AC1BE07FD100C09299 /* main.m */; };
		F6D752B01BE07FD100C09299 /* AppDelegate.m in Sources */ = {isa = PBXBuildFile; fileRef = F6D752AF1BE07FD100C09299 /* AppDelegate.m */; };
		F6D752B31BE07FD100C09299 /* ViewController.m in Sources */ = {isa = PBXBuildFile; fileRef = F6D752B21BE07FD100C09299 /* ViewController.m */; };
		F6D752B61BE07FD100C09299 /* Main.storyboard in Resources */ = {isa = PBXBuildFile; fileRef = F6D752B41BE07FD100C09299 /* Main.storyboard */; };
		F6D752B81BE07FD100C09299 /* Assets.xcassets in Resources */ = {isa = PBXBuildFile; fileRef = F6D752B71BE07FD100C09299 /* Assets.xcassets */; };
		F6D752BB1BE07FD100C09299 /* LaunchScreen.storyboard in Resources */ = {isa = PBXBuildFile; fileRef = F6D752B91BE07FD100C09299 /* LaunchScreen.storyboard */; };
		F6D752C61BE07FD100C09299 /* AreaPickerTests.m in Sources */ = {isa = PBXBuildFile; fileRef = F6D752C51BE07FD100C09299 /* AreaPickerTests.m */; };
		F6D752D11BE07FD100C09299 /* AreaPickerUITests.m in Sources */ = {isa = PBXBuildFile; fileRef = F6D752D01BE07FD100C09299 /* AreaPickerUITests.m */; };
		F6D752E21BE082DB00C09299 /* ProvincesCitiesAreas.plist in Resources */ = {isa = PBXBuildFile; fileRef = F6D752E11BE082DB00C09299 /* ProvincesCitiesAreas.plist */; };
		F6D752E51BE082F300C09299 /* AreaPicker.m in Sources */ = {isa = PBXBuildFile; fileRef = F6D752E41BE082F300C09299 /* AreaPicker.m */; };
		F6D753271BE0A29900C09299 /* LJTreeNode.m in Sources */ = {isa = PBXBuildFile; fileRef = F6D753261BE0A29900C09299 /* LJTreeNode.m */; };
/* End PBXBuildFile section */

/* Begin PBXContainerItemProxy section */
		F6D752C21BE07FD100C09299 /* PBXContainerItemProxy */ = {
			isa = PBXContainerItemProxy;
			containerPortal = F6D752A01BE07FD100C09299 /* Project object */;
			proxyType = 1;
			remoteGlobalIDString = F6D752A71BE07FD100C09299;
			remoteInfo = AreaPicker;
		};
		F6D752CD1BE07FD100C09299 /* PBXContainerItemProxy */ = {
			isa = PBXContainerItemProxy;
			containerPortal = F6D752A01BE07FD100C09299 /* Project object */;
			proxyType = 1;
			remoteGlobalIDString = F6D752A71BE07FD100C09299;
			remoteInfo = AreaPicker;
		};
/* End PBXContainerItemProxy section */

/* Begin PBXFileReference section */
		F6D752A81BE07FD100C09299 /* AreaPicker.app */ = {isa = PBXFileReference; explicitFileType = wrapper.application; includeInIndex = 0; path = AreaPicker.app; sourceTree = BUILT_PRODUCTS_DIR; };
		F6D752AC1BE07FD100C09299 /* main.m */ = {isa = PBXFileReference; lastKnownFileType = sourcecode.c.objc; path = main.m; sourceTree = "<group>"; };
		F6D752AE1BE07FD100C09299 /* AppDelegate.h */ = {isa = PBXFileReference; lastKnownFileType = sourcecode.c.h; path = AppDelegate.h; sourceTree = "<group>"; };
		F6D752AF1BE07FD100C09299 /* AppDelegate.m */ = {isa = PBXFileReference; lastKnownFileType = sourcecode.c.objc; path = AppDelegate.m; sourceTree = "<group>"; };
		F6D752B11BE07FD100C09299 /* ViewController.h */ = {isa = PBXFileReference; lastKnownFileType = sourcecode.c.h; path = ViewController.h; sourceTree = "<group>"; };
		F6D752B21BE07FD100C09299 /* ViewController.m */ = {isa = PBXFileReference; lastKnownFileType = sourcecode.c.objc; path = ViewController.m; sourceTree = "<group>"; };
		F6D752B51BE07FD100C09299 /* Base */ = {isa = PBXFileReference; lastKnownFileType = file.storyboard; name = Base; path = Base.lproj/Main.storyboard; sourceTree = "<group>"; };
		F6D752B71BE07FD100C09299 /* Assets.xcassets */ = {isa = PBXFileReference; lastKnownFileType = folder.assetcatalog; path = Assets.xcassets; sourceTree = "<group>"; };
		F6D752BA1BE07FD100C09299 /* Base */ = {isa = PBXFileReference; lastKnownFileType = file.storyboard; name = Base; path = Base.lproj/LaunchScreen.storyboard; sourceTree = "<group>"; };
		F6D752BC1BE07FD100C09299 /* Info.plist */ = {isa = PBXFileReference; lastKnownFileType = text.plist.xml; path = Info.plist; sourceTree = "<group>"; };
		F6D752C11BE07FD100C09299 /* AreaPickerTests.xctest */ = {isa = PBXFileReference; explicitFileType = wrapper.cfbundle; includeInIndex = 0; path = AreaPickerTests.xctest; sourceTree = BUILT_PRODUCTS_DIR; };
		F6D752C51BE07FD100C09299 /* AreaPickerTests.m */ = {isa = PBXFileReference; lastKnownFileType = sourcecode.c.objc; path = AreaPickerTests.m; sourceTree = "<group>"; };
		F6D752C71BE07FD100C09299 /* Info.plist */ = {isa = PBXFileReference; lastKnownFileType = text.plist.xml; path = Info.plist; sourceTree = "<group>"; };
		F6D752CC1BE07FD100C09299 /* AreaPickerUITests.xctest */ = {isa = PBXFileReference; explicitFileType = wrapper.cfbundle; includeInIndex = 0; path = AreaPickerUITests.xctest; sourceTree = BUILT_PRODUCTS_DIR; };
		F6D752D01BE07FD100C09299 /* AreaPickerUITests.m */ = {isa = PBXFileReference; lastKnownFileType = sourcecode.c.objc; path = AreaPickerUITests.m; sourceTree = "<group>"; };
		F6D752D21BE07FD100C09299 /* Info.plist */ = {isa = PBXFileReference; lastKnownFileType = text.plist.xml; path = Info.plist; sourceTree = "<group>"; };
		F6D752E11BE082DB00C09299 /* ProvincesCitiesAreas.plist */ = {isa = PBXFileReference; fileEncoding = 4; lastKnownFileType = text.plist.xml; path = ProvincesCitiesAreas.plist; sourceTree = "<group>"; };
		F6D752E31BE082F300C09299 /* AreaPicker.h */ = {isa = PBXFileReference; fileEncoding = 4; lastKnownFileType = sourcecode.c.h; path = AreaPicker.h; sourceTree = "<group>"; };
		F6D752E41BE082F300C09299 /* AreaPicker.m */ = {isa = PBXFileReference; fileEncoding = 4; lastKnownFileType = sourcecode.c.objc; path = AreaPicker.m; sourceTree = "<group>"; };
		F6D753251BE0A29900C09299 /* LJTreeNode.h */ = {isa = PBXFileReference; fileEncoding = 4; lastKnownFileType = sourcecode.c.h; path = LJTreeNode.h; sourceTree = "<group>"; };
		F6D753261BE0A29900C09299 /* LJTreeNode.m */ = {isa = PBXFileReference; fileEncoding = 4; lastKnownFileType = sourcecode.c.objc; path = LJTreeNode.m; sourceTree = "<group>"; };
/* End PBXFileReference section */

/* Begin PBXFrameworksBuildPhase section */
		F6D752A51BE07FD100C09299 /* Frameworks */ = {
			isa = PBXFrameworksBuildPhase;
			buildActionMask = 2147483647;
			files = (
			);
			runOnlyForDeploymentPostprocessing = 0;
		};
		F6D752BE1BE07FD100C09299 /* Frameworks */ = {
			isa = PBXFrameworksBuildPhase;
			buildActionMask = 2147483647;
			files = (
			);
			runOnlyForDeploymentPostprocessing = 0;
		};
		F6D752C91BE07FD100C09299 /* Frameworks */ = {
			isa = PBXFrameworksBuildPhase;
			buildActionMask = 2147483647;
			files = (
			);
			runOnlyForDeploymentPostprocessing = 0;
		};
/* End PBXFrameworksBuildPhase section */

/* Begin PBXGroup section */
		F6D7529F1BE07FD100C09299 = {
			isa = PBXGroup;
			children = (
				F6D752AA1BE07FD100C09299 /* AreaPicker */,
				F6D752C41BE07FD100C09299 /* AreaPickerTests */,
				F6D752CF1BE07FD100C09299 /* AreaPickerUITests */,
				F6D752A91BE07FD100C09299 /* Products */,
			);
			sourceTree = "<group>";
		};
		F6D752A91BE07FD100C09299 /* Products */ = {
			isa = PBXGroup;
			children = (
				F6D752A81BE07FD100C09299 /* AreaPicker.app */,
				F6D752C11BE07FD100C09299 /* AreaPickerTests.xctest */,
				F6D752CC1BE07FD100C09299 /* AreaPickerUITests.xctest */,
			);
			name = Products;
			sourceTree = "<group>";
		};
		F6D752AA1BE07FD100C09299 /* AreaPicker */ = {
			isa = PBXGroup;
			children = (
				F6D752E01BE082DB00C09299 /* lib */,
				F6D752AE1BE07FD100C09299 /* AppDelegate.h */,
				F6D752AF1BE07FD100C09299 /* AppDelegate.m */,
				F6D752B11BE07FD100C09299 /* ViewController.h */,
				F6D752B21BE07FD100C09299 /* ViewController.m */,
				F6D752B41BE07FD100C09299 /* Main.storyboard */,
				F6D752B71BE07FD100C09299 /* Assets.xcassets */,
				F6D752B91BE07FD100C09299 /* LaunchScreen.storyboard */,
				F6D752BC1BE07FD100C09299 /* Info.plist */,
				F6D752AB1BE07FD100C09299 /* Supporting Files */,
			);
			path = AreaPicker;
			sourceTree = "<group>";
		};
		F6D752AB1BE07FD100C09299 /* Supporting Files */ = {
			isa = PBXGroup;
			children = (
				F6D752AC1BE07FD100C09299 /* main.m */,
			);
			name = "Supporting Files";
			sourceTree = "<group>";
		};
		F6D752C41BE07FD100C09299 /* AreaPickerTests */ = {
			isa = PBXGroup;
			children = (
				F6D752C51BE07FD100C09299 /* AreaPickerTests.m */,
				F6D752C71BE07FD100C09299 /* Info.plist */,
			);
			path = AreaPickerTests;
			sourceTree = "<group>";
		};
		F6D752CF1BE07FD100C09299 /* AreaPickerUITests */ = {
			isa = PBXGroup;
			children = (
				F6D752D01BE07FD100C09299 /* AreaPickerUITests.m */,
				F6D752D21BE07FD100C09299 /* Info.plist */,
			);
			path = AreaPickerUITests;
			sourceTree = "<group>";
		};
		F6D752E01BE082DB00C09299 /* lib */ = {
			isa = PBXGroup;
			children = (
				F6D752E11BE082DB00C09299 /* ProvincesCitiesAreas.plist */,
				F6D752E31BE082F300C09299 /* AreaPicker.h */,
				F6D752E41BE082F300C09299 /* AreaPicker.m */,
				F6D753251BE0A29900C09299 /* LJTreeNode.h */,
				F6D753261BE0A29900C09299 /* LJTreeNode.m */,
			);
			path = lib;
			sourceTree = "<group>";
		};
/* End PBXGroup section */

/* Begin PBXNativeTarget section */
		F6D752A71BE07FD100C09299 /* AreaPicker */ = {
			isa = PBXNativeTarget;
			buildConfigurationList = F6D752D51BE07FD100C09299 /* Build configuration list for PBXNativeTarget "AreaPicker" */;
			buildPhases = (
				F6D752A41BE07FD100C09299 /* Sources */,
				F6D752A51BE07FD100C09299 /* Frameworks */,
				F6D752A61BE07FD100C09299 /* Resources */,
			);
			buildRules = (
			);
			dependencies = (
			);
			name = AreaPicker;
			productName = AreaPicker;
			productReference = F6D752A81BE07FD100C09299 /* AreaPicker.app */;
			productType = "com.apple.product-type.application";
		};
		F6D752C01BE07FD100C09299 /* AreaPickerTests */ = {
			isa = PBXNativeTarget;
			buildConfigurationList = F6D752D81BE07FD100C09299 /* Build configuration list for PBXNativeTarget "AreaPickerTests" */;
			buildPhases = (
				F6D752BD1BE07FD100C09299 /* Sources */,
				F6D752BE1BE07FD100C09299 /* Frameworks */,
				F6D752BF1BE07FD100C09299 /* Resources */,
			);
			buildRules = (
			);
			dependencies = (
				F6D752C31BE07FD100C09299 /* PBXTargetDependency */,
			);
			name = AreaPickerTests;
			productName = AreaPickerTests;
			productReference = F6D752C11BE07FD100C09299 /* AreaPickerTests.xctest */;
			productType = "com.apple.product-type.bundle.unit-test";
		};
		F6D752CB1BE07FD100C09299 /* AreaPickerUITests */ = {
			isa = PBXNativeTarget;
			buildConfigurationList = F6D752DB1BE07FD100C09299 /* Build configuration list for PBXNativeTarget "AreaPickerUITests" */;
			buildPhases = (
				F6D752C81BE07FD100C09299 /* Sources */,
				F6D752C91BE07FD100C09299 /* Frameworks */,
				F6D752CA1BE07FD100C09299 /* Resources */,
			);
			buildRules = (
			);
			dependencies = (
				F6D752CE1BE07FD100C09299 /* PBXTargetDependency */,
			);
			name = AreaPickerUITests;
			productName = AreaPickerUITests;
			productReference = F6D752CC1BE07FD100C09299 /* AreaPickerUITests.xctest */;
			productType = "com.apple.product-type.bundle.ui-testing";
		};
/* End PBXNativeTarget section */

/* Begin PBXProject section */
		F6D752A01BE07FD100C09299 /* Project object */ = {
			isa = PBXProject;
			attributes = {
				LastUpgradeCheck = 0710;
				ORGANIZATIONNAME = com.qiang;
				TargetAttributes = {
					F6D752A71BE07FD100C09299 = {
						CreatedOnToolsVersion = 7.1;
					};
					F6D752C01BE07FD100C09299 = {
						CreatedOnToolsVersion = 7.1;
						TestTargetID = F6D752A71BE07FD100C09299;
					};
					F6D752CB1BE07FD100C09299 = {
						CreatedOnToolsVersion = 7.1;
						TestTargetID = F6D752A71BE07FD100C09299;
					};
				};
			};
			buildConfigurationList = F6D752A31BE07FD100C09299 /* Build configuration list for PBXProject "AreaPicker" */;
			compatibilityVersion = "Xcode 3.2";
			developmentRegion = English;
			hasScannedForEncodings = 0;
			knownRegions = (
				en,
				Base,
			);
			mainGroup = F6D7529F1BE07FD100C09299;
			productRefGroup = F6D752A91BE07FD100C09299 /* Products */;
			projectDirPath = "";
			projectRoot = "";
			targets = (
				F6D752A71BE07FD100C09299 /* AreaPicker */,
				F6D752C01BE07FD100C09299 /* AreaPickerTests */,
				F6D752CB1BE07FD100C09299 /* AreaPickerUITests */,
			);
		};
/* End PBXProject section */

/* Begin PBXResourcesBuildPhase section */
		F6D752A61BE07FD100C09299 /* Resources */ = {
			isa = PBXResourcesBuildPhase;
			buildActionMask = 2147483647;
			files = (
				F6D752E21BE082DB00C09299 /* ProvincesCitiesAreas.plist in Resources */,
				F6D752BB1BE07FD100C09299 /* LaunchScreen.storyboard in Resources */,
				F6D752B81BE07FD100C09299 /* Assets.xcassets in Resources */,
				F6D752B61BE07FD100C09299 /* Main.storyboard in Resources */,
			);
			runOnlyForDeploymentPostprocessing = 0;
		};
		F6D752BF1BE07FD100C09299 /* Resources */ = {
			isa = PBXResourcesBuildPhase;
			buildActionMask = 2147483647;
			files = (
			);
			runOnlyForDeploymentPostprocessing = 0;
		};
		F6D752CA1BE07FD100C09299 /* Resources */ = {
			isa = PBXResourcesBuildPhase;
			buildActionMask = 2147483647;
			files = (
			);
			runOnlyForDeploymentPostprocessing = 0;
		};
/* End PBXResourcesBuildPhase section */

/* Begin PBXSourcesBuildPhase section */
		F6D752A41BE07FD100C09299 /* Sources */ = {
			isa = PBXSourcesBuildPhase;
			buildActionMask = 2147483647;
			files = (
				F6D752B31BE07FD100C09299 /* ViewController.m in Sources */,
				F6D753271BE0A29900C09299 /* LJTreeNode.m in Sources */,
				F6D752B01BE07FD100C09299 /* AppDelegate.m in Sources */,
				F6D752E51BE082F300C09299 /* AreaPicker.m in Sources */,
				F6D752AD1BE07FD100C09299 /* main.m in Sources */,
			);
			runOnlyForDeploymentPostprocessing = 0;
		};
		F6D752BD1BE07FD100C09299 /* Sources */ = {
			isa = PBXSourcesBuildPhase;
			buildActionMask = 2147483647;
			files = (
				F6D752C61BE07FD100C09299 /* AreaPickerTests.m in Sources */,
			);
			runOnlyForDeploymentPostprocessing = 0;
		};
		F6D752C81BE07FD100C09299 /* Sources */ = {
			isa = PBXSourcesBuildPhase;
			buildActionMask = 2147483647;
			files = (
				F6D752D11BE07FD100C09299 /* AreaPickerUITests.m in Sources */,
			);
			runOnlyForDeploymentPostprocessing = 0;
		};
/* End PBXSourcesBuildPhase section */

/* Begin PBXTargetDependency section */
		F6D752C31BE07FD100C09299 /* PBXTargetDependency */ = {
			isa = PBXTargetDependency;
			target = F6D752A71BE07FD100C09299 /* AreaPicker */;
			targetProxy = F6D752C21BE07FD100C09299 /* PBXContainerItemProxy */;
		};
		F6D752CE1BE07FD100C09299 /* PBXTargetDependency */ = {
			isa = PBXTargetDependency;
			target = F6D752A71BE07FD100C09299 /* AreaPicker */;
			targetProxy = F6D752CD1BE07FD100C09299 /* PBXContainerItemProxy */;
		};
/* End PBXTargetDependency section */

/* Begin PBXVariantGroup section */
		F6D752B41BE07FD100C09299 /* Main.storyboard */ = {
			isa = PBXVariantGroup;
			children = (
				F6D752B51BE07FD100C09299 /* Base */,
			);
			name = Main.storyboard;
			sourceTree = "<group>";
		};
		F6D752B91BE07FD100C09299 /* LaunchScreen.storyboard */ = {
			isa = PBXVariantGroup;
			children = (
				F6D752BA1BE07FD100C09299 /* Base */,
			);
			name = LaunchScreen.storyboard;
			sourceTree = "<group>";
		};
/* End PBXVariantGroup section */

/* Begin XCBuildConfiguration section */
		F6D752D31BE07FD100C09299 /* Debug */ = {
			isa = XCBuildConfiguration;
			buildSettings = {
				ALWAYS_SEARCH_USER_PATHS = NO;
				CLANG_CXX_LANGUAGE_STANDARD = "gnu++0x";
				CLANG_CXX_LIBRARY = "libc++";
				CLANG_ENABLE_MODULES = YES;
				CLANG_ENABLE_OBJC_ARC = YES;
				CLANG_WARN_BOOL_CONVERSION = YES;
				CLANG_WARN_CONSTANT_CONVERSION = YES;
				CLANG_WARN_DIRECT_OBJC_ISA_USAGE = YES_ERROR;
				CLANG_WARN_EMPTY_BODY = YES;
				CLANG_WARN_ENUM_CONVERSION = YES;
				CLANG_WARN_INT_CONVERSION = YES;
				CLANG_WARN_OBJC_ROOT_CLASS = YES_ERROR;
				CLANG_WARN_UNREACHABLE_CODE = YES;
				CLANG_WARN__DUPLICATE_METHOD_MATCH = YES;
				"CODE_SIGN_IDENTITY[sdk=iphoneos*]" = "iPhone Developer";
				COPY_PHASE_STRIP = NO;
				DEBUG_INFORMATION_FORMAT = dwarf;
				ENABLE_STRICT_OBJC_MSGSEND = YES;
				ENABLE_TESTABILITY = YES;
				GCC_C_LANGUAGE_STANDARD = gnu99;
				GCC_DYNAMIC_NO_PIC = NO;
				GCC_NO_COMMON_BLOCKS = YES;
				GCC_OPTIMIZATION_LEVEL = 0;
				GCC_PREPROCESSOR_DEFINITIONS = (
					"DEBUG=1",
					"$(inherited)",
				);
				GCC_WARN_64_TO_32_BIT_CONVERSION = YES;
				GCC_WARN_ABOUT_RETURN_TYPE = YES_ERROR;
				GCC_WARN_UNDECLARED_SELECTOR = YES;
				GCC_WARN_UNINITIALIZED_AUTOS = YES_AGGRESSIVE;
				GCC_WARN_UNUSED_FUNCTION = YES;
				GCC_WARN_UNUSED_VARIABLE = YES;
				IPHONEOS_DEPLOYMENT_TARGET = 9.1;
				MTL_ENABLE_DEBUG_INFO = YES;
				ONLY_ACTIVE_ARCH = YES;
				SDKROOT = iphoneos;
			};
			name = Debug;
		};
		F6D752D41BE07FD100C09299 /* Release */ = {
			isa = XCBuildConfiguration;
			buildSettings = {
				ALWAYS_SEARCH_USER_PATHS = NO;
				CLANG_CXX_LANGUAGE_STANDARD = "gnu++0x";
				CLANG_CXX_LIBRARY = "libc++";
				CLANG_ENABLE_MODULES = YES;
				CLANG_ENABLE_OBJC_ARC = YES;
				CLANG_WARN_BOOL_CONVERSION = YES;
				CLANG_WARN_CONSTANT_CONVERSION = YES;
				CLANG_WARN_DIRECT_OBJC_ISA_USAGE = YES_ERROR;
				CLANG_WARN_EMPTY_BODY = YES;
				CLANG_WARN_ENUM_CONVERSION = YES;
				CLANG_WARN_INT_CONVERSION = YES;
				CLANG_WARN_OBJC_ROOT_CLASS = YES_ERROR;
				CLANG_WARN_UNREACHABLE_CODE = YES;
				CLANG_WARN__DUPLICATE_METHOD_MATCH = YES;
				"CODE_SIGN_IDENTITY[sdk=iphoneos*]" = "iPhone Developer";
				COPY_PHASE_STRIP = NO;
				DEBUG_INFORMATION_FORMAT = "dwarf-with-dsym";
				ENABLE_NS_ASSERTIONS = NO;
				ENABLE_STRICT_OBJC_MSGSEND = YES;
				GCC_C_LANGUAGE_STANDARD = gnu99;
				GCC_NO_COMMON_BLOCKS = YES;
				GCC_WARN_64_TO_32_BIT_CONVERSION = YES;
				GCC_WARN_ABOUT_RETURN_TYPE = YES_ERROR;
				GCC_WARN_UNDECLARED_SELECTOR = YES;
				GCC_WARN_UNINITIALIZED_AUTOS = YES_AGGRESSIVE;
				GCC_WARN_UNUSED_FUNCTION = YES;
				GCC_WARN_UNUSED_VARIABLE = YES;
				IPHONEOS_DEPLOYMENT_TARGET = 9.1;
				MTL_ENABLE_DEBUG_INFO = NO;
				SDKROOT = iphoneos;
				VALIDATE_PRODUCT = YES;
			};
			name = Release;
		};
		F6D752D61BE07FD100C09299 /* Debug */ = {
			isa = XCBuildConfiguration;
			buildSettings = {
				ASSETCATALOG_COMPILER_APPICON_NAME = AppIcon;
				INFOPLIST_FILE = AreaPicker/Info.plist;
				IPHONEOS_DEPLOYMENT_TARGET = 7.0;
				LD_RUNPATH_SEARCH_PATHS = "$(inherited) @executable_path/Frameworks";
				PRODUCT_BUNDLE_IDENTIFIER = com.qiang.AreaPicker;
				PRODUCT_NAME = "$(TARGET_NAME)";
			};
			name = Debug;
		};
		F6D752D71BE07FD100C09299 /* Release */ = {
			isa = XCBuildConfiguration;
			buildSettings = {
				ASSETCATALOG_COMPILER_APPICON_NAME = AppIcon;
				INFOPLIST_FILE = AreaPicker/Info.plist;
				IPHONEOS_DEPLOYMENT_TARGET = 7.0;
				LD_RUNPATH_SEARCH_PATHS = "$(inherited) @executable_path/Frameworks";
				PRODUCT_BUNDLE_IDENTIFIER = com.qiang.AreaPicker;
				PRODUCT_NAME = "$(TARGET_NAME)";
			};
			name = Release;
		};
		F6D752D91BE07FD100C09299 /* Debug */ = {
			isa = XCBuildConfiguration;
			buildSettings = {
				BUNDLE_LOADER = "$(TEST_HOST)";
				INFOPLIST_FILE = AreaPickerTests/Info.plist;
				LD_RUNPATH_SEARCH_PATHS = "$(inherited) @executable_path/Frameworks @loader_path/Frameworks";
				PRODUCT_BUNDLE_IDENTIFIER = com.qiang.AreaPickerTests;
				PRODUCT_NAME = "$(TARGET_NAME)";
				TEST_HOST = "$(BUILT_PRODUCTS_DIR)/AreaPicker.app/AreaPicker";
			};
			name = Debug;
		};
		F6D752DA1BE07FD100C09299 /* Release */ = {
			isa = XCBuildConfiguration;
			buildSettings = {
				BUNDLE_LOADER = "$(TEST_HOST)";
				INFOPLIST_FILE = AreaPickerTests/Info.plist;
				LD_RUNPATH_SEARCH_PATHS = "$(inherited) @executable_path/Frameworks @loader_path/Frameworks";
				PRODUCT_BUNDLE_IDENTIFIER = com.qiang.AreaPickerTests;
				PRODUCT_NAME = "$(TARGET_NAME)";
				TEST_HOST = "$(BUILT_PRODUCTS_DIR)/AreaPicker.app/AreaPicker";
			};
			name = Release;
		};
		F6D752DC1BE07FD100C09299 /* Debug */ = {
			isa = XCBuildConfiguration;
			buildSettings = {
				INFOPLIST_FILE = AreaPickerUITests/Info.plist;
				LD_RUNPATH_SEARCH_PATHS = "$(inherited) @executable_path/Frameworks @loader_path/Frameworks";
				PRODUCT_BUNDLE_IDENTIFIER = com.qiang.AreaPickerUITests;
				PRODUCT_NAME = "$(TARGET_NAME)";
				TEST_TARGET_NAME = AreaPicker;
				USES_XCTRUNNER = YES;
			};
			name = Debug;
		};
		F6D752DD1BE07FD100C09299 /* Release */ = {
			isa = XCBuildConfiguration;
			buildSettings = {
				INFOPLIST_FILE = AreaPickerUITests/Info.plist;
				LD_RUNPATH_SEARCH_PATHS = "$(inherited) @executable_path/Frameworks @loader_path/Frameworks";
				PRODUCT_BUNDLE_IDENTIFIER = com.qiang.AreaPickerUITests;
				PRODUCT_NAME = "$(TARGET_NAME)";
				TEST_TARGET_NAME = AreaPicker;
				USES_XCTRUNNER = YES;
			};
			name = Release;
		};
/* End XCBuildConfiguration section */

/* Begin XCConfigurationList section */
		F6D752A31BE07FD100C09299 /* Build configuration list for PBXProject "AreaPicker" */ = {
			isa = XCConfigurationList;
			buildConfigurations = (
				F6D752D31BE07FD100C09299 /* Debug */,
				F6D752D41BE07FD100C09299 /* Release */,
			);
			defaultConfigurationIsVisible = 0;
			defaultConfigurationName = Release;
		};
		F6D752D51BE07FD100C09299 /* Build configuration list for PBXNativeTarget "AreaPicker" */ = {
			isa = XCConfigurationList;
			buildConfigurations = (
				F6D752D61BE07FD100C09299 /* Debug */,
				F6D752D71BE07FD100C09299 /* Release */,
			);
			defaultConfigurationIsVisible = 0;
			defaultConfigurationName = Release;
		};
		F6D752D81BE07FD100C09299 /* Build configuration list for PBXNativeTarget "AreaPickerTests" */ = {
			isa = XCConfigurationList;
			buildConfigurations = (
				F6D752D91BE07FD100C09299 /* Debug */,
				F6D752DA1BE07FD100C09299 /* Release */,
			);
			defaultConfigurationIsVisible = 0;
			defaultConfigurationName = Release;
		};
		F6D752DB1BE07FD100C09299 /* Build configuration list for PBXNativeTarget "AreaPickerUITests" */ = {
			isa = XCConfigurationList;
			buildConfigurations = (
				F6D752DC1BE07FD100C09299 /* Debug */,
				F6D752DD1BE07FD100C09299 /* Release */,
			);
			defaultConfigurationIsVisible = 0;
			defaultConfigurationName = Release;
		};
/* End XCConfigurationList section */
	};
	rootObject = F6D752A01BE07FD100C09299 /* Project object */;
}
